
Microsoft Visual Studio Solution File, Format Version 12.00
# Visual Studio Version 16
VisualStudioVersion = 16.0.31402.337
MinimumVisualStudioVersion = 10.0.40219.1
Project("{FAE04EC0-301F-11D3-BF4B-00C04F79EFBC}") = "Proje2", "Proje2\Proje2.csproj", "{C8356240-1D9A-4B10-84A9-5CE8856A558C}"
EndProject
Global
	GlobalSection(SolutionConfigurationPlatforms) = preSolution
		Debug|Any CPU = Debug|Any CPU
		Release|Any CPU = Release|Any CPU
	EndGlobalSection
	GlobalSection(ProjectConfigurationPlatforms) = postSolution
		{C8356240-1D9A-4B10-84A9-5CE8856A558C}.Debug|Any CPU.ActiveCfg = Debug|Any CPU
		{C8356240-1D9A-4B10-84A9-5CE8856A558C}.Debug|Any CPU.Build.0 = Debug|Any CPU
		{C8356240-1D9A-4B10-84A9-5CE8856A558C}.Release|Any CPU.ActiveCfg = Release|Any CPU
		{C8356240-1D9A-4B10-84A9-5CE8856A558C}.Release|Any CPU.Build.0 = Release|Any CPU
	EndGlobalSection
	GlobalSection(SolutionProperties) = preSolution
		HideSolutionNode = FALSE
	EndGlobalSection
	GlobalSection(ExtensibilityGlobals) = postSolution
		SolutionGuid = {E7363D89-8A07-4095-A104-D76E73BF468C}
	EndGlobalSection
EndGlobal
